{
    "name": "emojify-lyrics",
    "version": "1.0.0",
    "lockfileVersion": 1,
    "requires": true,
    "dependencies": {
        "emojilib": {
            "version": "2.4.0",
            "resolved": "https://registry.npmjs.org/emojilib/-/emojilib-2.4.0.tgz",
            "integrity": "sha512-5U0rVMU5Y2n2+ykNLQqMoqklN9ICBT/KsvC1Gz6vqHbz2AXXGkG+Pm5rMWk/8Vjrr/mY9985Hi8DYzn1F09Nyw=="
        },
        "moji-translate": {
            "version": "1.0.8",
            "resolved": "https://registry.npmjs.org/moji-translate/-/moji-translate-1.0.8.tgz",
            "integrity": "sha1-OWzOgFHZrCwoqF0wmrm/eZ64QKA=",
            "requires": {
                "emojilib": "^2.0.0"
            }
        },
        "typescript": {
            "version": "3.7.2",
            "resolved": "https://registry.npmjs.org/typescript/-/typescript-3.7.2.tgz",
            "integrity": "sha512-ml7V7JfiN2Xwvcer+XAf2csGO1bPBdRbFCkYBczNZggrBZ9c7G3riSUeJmqEU5uOtXNPMhE3n+R4FA/3YOAWOQ==",
            "dev": true
        }
    }
}
