{
    "name": "emojify",
    "version": "1.0.0",
    "lockfileVersion": 1,
    "requires": true,
    "dependencies": {
        "emojilib": {
            "version": "2.4.0",
            "resolved": "https://registry.npmjs.org/emojilib/-/emojilib-2.4.0.tgz",
            "integrity": "sha512-5U0rVMU5Y2n2+ykNLQqMoqklN9ICBT/KsvC1Gz6vqHbz2AXXGkG+Pm5rMWk/8Vjrr/mY9985Hi8DYzn1F09Nyw=="
        },
        "moji-translate": {
            "version": "1.0.8",
            "resolved": "https://registry.npmjs.org/moji-translate/-/moji-translate-1.0.8.tgz",
            "integrity": "sha1-OWzOgFHZrCwoqF0wmrm/eZ64QKA=",
            "requires": {
                "emojilib": "^2.0.0"
            }
        },
        "typescript": {
            "version": "3.5.3",
            "resolved": "https://registry.npmjs.org/typescript/-/typescript-3.5.3.tgz",
            "integrity": "sha512-ACzBtm/PhXBDId6a6sDJfroT2pOWt/oOnk4/dElG5G33ZL776N3Y6/6bKZJBFpd+b05F3Ct9qDjMeJmRWtE2/g==",
            "dev": true
        }
    }
}
